// !$*UTF8*$!
{
	archiveVersion = 1;
	classes = {
	};
	objectVersion = 46;
	objects = {

/* Begin PBXBuildFile section */
		3A46ED431FBB70750052002F /* cs_quiz.json in Resources */ = {isa = PBXBuildFile; fileRef = 3A46ED421FBB70750052002F /* cs_quiz.json */; };
		3A46ED451FBB70870052002F /* track_quiz.json in Resources */ = {isa = PBXBuildFile; fileRef = 3A46ED441FBB70870052002F /* track_quiz.json */; };
		3A771DBE1F817794001268A3 /* Question.swift in Sources */ = {isa = PBXBuildFile; fileRef = 3A771DBD1F817794001268A3 /* Question.swift */; };
		3A771DC11F86DCD3001268A3 /* QuizViewController.swift in Sources */ = {isa = PBXBuildFile; fileRef = 3A771DC01F86DCD3001268A3 /* QuizViewController.swift */; };
		3A771DC31F88261A001268A3 /* Quiz.swift in Sources */ = {isa = PBXBuildFile; fileRef = 3A771DC21F88261A001268A3 /* Quiz.swift */; };
		3A93C5D81FA7E9C100C27072 /* EndGameViewController.swift in Sources */ = {isa = PBXBuildFile; fileRef = 3A93C5D71FA7E9C100C27072 /* EndGameViewController.swift */; };
		3A93C5DA1FA8019B00C27072 /* FinishedOptions.swift in Sources */ = {isa = PBXBuildFile; fileRef = 3A93C5D91FA8019B00C27072 /* FinishedOptions.swift */; };
		3AA3A6B01FBDFE1900A12A69 /* QuizParser.swift in Sources */ = {isa = PBXBuildFile; fileRef = 3AA3A6AF1FBDFE1900A12A69 /* QuizParser.swift */; };
		3AA3A6B21FBE1EF400A12A69 /* QuizChoiceTableViewCell.swift in Sources */ = {isa = PBXBuildFile; fileRef = 3AA3A6B11FBE1EF400A12A69 /* QuizChoiceTableViewCell.swift */; };
		3AA3A6B41FC4A57600A12A69 /* film_quiz.json in Resources */ = {isa = PBXBuildFile; fileRef = 3AA3A6B31FC4A57600A12A69 /* film_quiz.json */; };
		3AA47AD81F910AD100C91B31 /* AnswerTableCell.swift in Sources */ = {isa = PBXBuildFile; fileRef = 3AA47AD71F910AD100C91B31 /* AnswerTableCell.swift */; };
		3AD854111F7AAF6F002F2730 /* AppDelegate.swift in Sources */ = {isa = PBXBuildFile; fileRef = 3AD854101F7AAF6F002F2730 /* AppDelegate.swift */; };
		3AD854131F7AAF6F002F2730 /* ViewController.swift in Sources */ = {isa = PBXBuildFile; fileRef = 3AD854121F7AAF6F002F2730 /* ViewController.swift */; };
		3AD854161F7AAF6F002F2730 /* Main.storyboard in Resources */ = {isa = PBXBuildFile; fileRef = 3AD854141F7AAF6F002F2730 /* Main.storyboard */; };
		3AD854181F7AAF6F002F2730 /* Assets.xcassets in Resources */ = {isa = PBXBuildFile; fileRef = 3AD854171F7AAF6F002F2730 /* Assets.xcassets */; };
		3AD8541B1F7AAF6F002F2730 /* LaunchScreen.storyboard in Resources */ = {isa = PBXBuildFile; fileRef = 3AD854191F7AAF6F002F2730 /* LaunchScreen.storyboard */; };
		3AD854261F7AAF6F002F2730 /* quiz_appTests.swift in Sources */ = {isa = PBXBuildFile; fileRef = 3AD854251F7AAF6F002F2730 /* quiz_appTests.swift */; };
		8D5E6E4966A7EA15A44F1A87 /* Pods_quiz_app.framework in Frameworks */ = {isa = PBXBuildFile; fileRef = 7C7EE13AB89195E0917DE0B7 /* Pods_quiz_app.framework */; };
		F8878D769CD33793C907B6F8 /* Pods_quiz_appTests.framework in Frameworks */ = {isa = PBXBuildFile; fileRef = B5E1E814CF2392B033135F4D /* Pods_quiz_appTests.framework */; };
/* End PBXBuildFile section */

/* Begin PBXContainerItemProxy section */
		3AD854221F7AAF6F002F2730 /* PBXContainerItemProxy */ = {
			isa = PBXContainerItemProxy;
			containerPortal = 3AD854051F7AAF6F002F2730 /* Project object */;
			proxyType = 1;
			remoteGlobalIDString = 3AD8540C1F7AAF6F002F2730;
			remoteInfo = quiz_app;
		};
/* End PBXContainerItemProxy section */

/* Begin PBXFileReference section */
		1F2672C834F9716FCB5C6834 /* Pods-quiz_appTests.debug.xcconfig */ = {isa = PBXFileReference; includeInIndex = 1; lastKnownFileType = text.xcconfig; name = "Pods-quiz_appTests.debug.xcconfig"; path = "Pods/Target Support Files/Pods-quiz_appTests/Pods-quiz_appTests.debug.xcconfig"; sourceTree = "<group>"; };
		3A46ED421FBB70750052002F /* cs_quiz.json */ = {isa = PBXFileReference; fileEncoding = 4; lastKnownFileType = text.json; path = cs_quiz.json; sourceTree = "<group>"; };
		3A46ED441FBB70870052002F /* track_quiz.json */ = {isa = PBXFileReference; fileEncoding = 4; lastKnownFileType = text.json; path = track_quiz.json; sourceTree = "<group>"; };
		3A771DBD1F817794001268A3 /* Question.swift */ = {isa = PBXFileReference; fileEncoding = 4; lastKnownFileType = sourcecode.swift; path = Question.swift; sourceTree = "<group>"; };
		3A771DC01F86DCD3001268A3 /* QuizViewController.swift */ = {isa = PBXFileReference; fileEncoding = 4; lastKnownFileType = sourcecode.swift; path = QuizViewController.swift; sourceTree = "<group>"; };
		3A771DC21F88261A001268A3 /* Quiz.swift */ = {isa = PBXFileReference; fileEncoding = 4; lastKnownFileType = sourcecode.swift; path = Quiz.swift; sourceTree = "<group>"; };
		3A93C5D71FA7E9C100C27072 /* EndGameViewController.swift */ = {isa = PBXFileReference; fileEncoding = 4; lastKnownFileType = sourcecode.swift; path = EndGameViewController.swift; sourceTree = "<group>"; };
		3A93C5D91FA8019B00C27072 /* FinishedOptions.swift */ = {isa = PBXFileReference; fileEncoding = 4; lastKnownFileType = sourcecode.swift; path = FinishedOptions.swift; sourceTree = "<group>"; };
		3AA3A6AF1FBDFE1900A12A69 /* QuizParser.swift */ = {isa = PBXFileReference; fileEncoding = 4; lastKnownFileType = sourcecode.swift; path = QuizParser.swift; sourceTree = "<group>"; };
		3AA3A6B11FBE1EF400A12A69 /* QuizChoiceTableViewCell.swift */ = {isa = PBXFileReference; fileEncoding = 4; lastKnownFileType = sourcecode.swift; path = QuizChoiceTableViewCell.swift; sourceTree = "<group>"; };
		3AA3A6B31FC4A57600A12A69 /* film_quiz.json */ = {isa = PBXFileReference; fileEncoding = 4; lastKnownFileType = text.json; path = film_quiz.json; sourceTree = "<group>"; };
		3AA47AD71F910AD100C91B31 /* AnswerTableCell.swift */ = {isa = PBXFileReference; fileEncoding = 4; lastKnownFileType = sourcecode.swift; path = AnswerTableCell.swift; sourceTree = "<group>"; };
		3AD8540D1F7AAF6F002F2730 /* quiz_app.app */ = {isa = PBXFileReference; explicitFileType = wrapper.application; includeInIndex = 0; path = quiz_app.app; sourceTree = BUILT_PRODUCTS_DIR; };
		3AD854101F7AAF6F002F2730 /* AppDelegate.swift */ = {isa = PBXFileReference; lastKnownFileType = sourcecode.swift; path = AppDelegate.swift; sourceTree = "<group>"; };
		3AD854121F7AAF6F002F2730 /* ViewController.swift */ = {isa = PBXFileReference; lastKnownFileType = sourcecode.swift; path = ViewController.swift; sourceTree = "<group>"; };
		3AD854151F7AAF6F002F2730 /* Base */ = {isa = PBXFileReference; lastKnownFileType = file.storyboard; name = Base; path = Base.lproj/Main.storyboard; sourceTree = "<group>"; };
		3AD854171F7AAF6F002F2730 /* Assets.xcassets */ = {isa = PBXFileReference; lastKnownFileType = folder.assetcatalog; path = Assets.xcassets; sourceTree = "<group>"; };
		3AD8541A1F7AAF6F002F2730 /* Base */ = {isa = PBXFileReference; lastKnownFileType = file.storyboard; name = Base; path = Base.lproj/LaunchScreen.storyboard; sourceTree = "<group>"; };
		3AD8541C1F7AAF6F002F2730 /* Info.plist */ = {isa = PBXFileReference; lastKnownFileType = text.plist.xml; path = Info.plist; sourceTree = "<group>"; };
		3AD854211F7AAF6F002F2730 /* quiz_appTests.xctest */ = {isa = PBXFileReference; explicitFileType = wrapper.cfbundle; includeInIndex = 0; path = quiz_appTests.xctest; sourceTree = BUILT_PRODUCTS_DIR; };
		3AD854251F7AAF6F002F2730 /* quiz_appTests.swift */ = {isa = PBXFileReference; lastKnownFileType = sourcecode.swift; path = quiz_appTests.swift; sourceTree = "<group>"; };
		3AD854271F7AAF6F002F2730 /* Info.plist */ = {isa = PBXFileReference; lastKnownFileType = text.plist.xml; path = Info.plist; sourceTree = "<group>"; };
		7C7EE13AB89195E0917DE0B7 /* Pods_quiz_app.framework */ = {isa = PBXFileReference; explicitFileType = wrapper.framework; includeInIndex = 0; path = Pods_quiz_app.framework; sourceTree = BUILT_PRODUCTS_DIR; };
		9334B0567CD8C9755BC89514 /* Pods-quiz_appTests.release.xcconfig */ = {isa = PBXFileReference; includeInIndex = 1; lastKnownFileType = text.xcconfig; name = "Pods-quiz_appTests.release.xcconfig"; path = "Pods/Target Support Files/Pods-quiz_appTests/Pods-quiz_appTests.release.xcconfig"; sourceTree = "<group>"; };
		9F4D5F6144F9D5935824D690 /* Pods-quiz_app.debug.xcconfig */ = {isa = PBXFileReference; includeInIndex = 1; lastKnownFileType = text.xcconfig; name = "Pods-quiz_app.debug.xcconfig"; path = "Pods/Target Support Files/Pods-quiz_app/Pods-quiz_app.debug.xcconfig"; sourceTree = "<group>"; };
		B5E1E814CF2392B033135F4D /* Pods_quiz_appTests.framework */ = {isa = PBXFileReference; explicitFileType = wrapper.framework; includeInIndex = 0; path = Pods_quiz_appTests.framework; sourceTree = BUILT_PRODUCTS_DIR; };
		DF8435E932B62CA9A6F83935 /* Pods-quiz_app.release.xcconfig */ = {isa = PBXFileReference; includeInIndex = 1; lastKnownFileType = text.xcconfig; name = "Pods-quiz_app.release.xcconfig"; path = "Pods/Target Support Files/Pods-quiz_app/Pods-quiz_app.release.xcconfig"; sourceTree = "<group>"; };
/* End PBXFileReference section */

/* Begin PBXFrameworksBuildPhase section */
		3AD8540A1F7AAF6F002F2730 /* Frameworks */ = {
			isa = PBXFrameworksBuildPhase;
			buildActionMask = 2147483647;
			files = (
				8D5E6E4966A7EA15A44F1A87 /* Pods_quiz_app.framework in Frameworks */,
			);
			runOnlyForDeploymentPostprocessing = 0;
		};
		3AD8541E1F7AAF6F002F2730 /* Frameworks */ = {
			isa = PBXFrameworksBuildPhase;
			buildActionMask = 2147483647;
			files = (
				F8878D769CD33793C907B6F8 /* Pods_quiz_appTests.framework in Frameworks */,
			);
			runOnlyForDeploymentPostprocessing = 0;
		};
/* End PBXFrameworksBuildPhase section */

/* Begin PBXGroup section */
		121FFF67334F69F241708EC8 /* Frameworks */ = {
			isa = PBXGroup;
			children = (
				7C7EE13AB89195E0917DE0B7 /* Pods_quiz_app.framework */,
				B5E1E814CF2392B033135F4D /* Pods_quiz_appTests.framework */,
			);
			name = Frameworks;
			sourceTree = "<group>";
		};
		3A46ED411FBB704E0052002F /* quizzes */ = {
			isa = PBXGroup;
			children = (
				3A46ED421FBB70750052002F /* cs_quiz.json */,
				3A46ED441FBB70870052002F /* track_quiz.json */,
				3AA3A6B31FC4A57600A12A69 /* film_quiz.json */,
			);
			name = quizzes;
			sourceTree = "<group>";
		};
		3AD854041F7AAF6F002F2730 = {
			isa = PBXGroup;
			children = (
				3AD8540F1F7AAF6F002F2730 /* quiz_app */,
				3AD854241F7AAF6F002F2730 /* quiz_appTests */,
				3AD8540E1F7AAF6F002F2730 /* Products */,
				3C617431131B538B83718B54 /* Pods */,
				121FFF67334F69F241708EC8 /* Frameworks */,
			);
			sourceTree = "<group>";
		};
		3AD8540E1F7AAF6F002F2730 /* Products */ = {
			isa = PBXGroup;
			children = (
				3AD8540D1F7AAF6F002F2730 /* quiz_app.app */,
				3AD854211F7AAF6F002F2730 /* quiz_appTests.xctest */,
			);
			name = Products;
			sourceTree = "<group>";
		};
		3AD8540F1F7AAF6F002F2730 /* quiz_app */ = {
			isa = PBXGroup;
			children = (
				3A46ED411FBB704E0052002F /* quizzes */,
				3AD854101F7AAF6F002F2730 /* AppDelegate.swift */,
				3AA3A6B11FBE1EF400A12A69 /* QuizChoiceTableViewCell.swift */,
				3AD854121F7AAF6F002F2730 /* ViewController.swift */,
				3AA47AD71F910AD100C91B31 /* AnswerTableCell.swift */,
				3A771DC01F86DCD3001268A3 /* QuizViewController.swift */,
				3A93C5D71FA7E9C100C27072 /* EndGameViewController.swift */,
				3A771DBD1F817794001268A3 /* Question.swift */,
				3A771DC21F88261A001268A3 /* Quiz.swift */,
				3AA3A6AF1FBDFE1900A12A69 /* QuizParser.swift */,
				3A93C5D91FA8019B00C27072 /* FinishedOptions.swift */,
				3AD854141F7AAF6F002F2730 /* Main.storyboard */,
				3AD854171F7AAF6F002F2730 /* Assets.xcassets */,
				3AD854191F7AAF6F002F2730 /* LaunchScreen.storyboard */,
				3AD8541C1F7AAF6F002F2730 /* Info.plist */,
			);
			path = quiz_app;
			sourceTree = "<group>";
		};
		3AD854241F7AAF6F002F2730 /* quiz_appTests */ = {
			isa = PBXGroup;
			children = (
				3AD854251F7AAF6F002F2730 /* quiz_appTests.swift */,
				3AD854271F7AAF6F002F2730 /* Info.plist */,
			);
			path = quiz_appTests;
			sourceTree = "<group>";
		};
		3C617431131B538B83718B54 /* Pods */ = {
			isa = PBXGroup;
			children = (
				9F4D5F6144F9D5935824D690 /* Pods-quiz_app.debug.xcconfig */,
				DF8435E932B62CA9A6F83935 /* Pods-quiz_app.release.xcconfig */,
				1F2672C834F9716FCB5C6834 /* Pods-quiz_appTests.debug.xcconfig */,
				9334B0567CD8C9755BC89514 /* Pods-quiz_appTests.release.xcconfig */,
			);
			name = Pods;
			sourceTree = "<group>";
		};
/* End PBXGroup section */

/* Begin PBXNativeTarget section */
		3AD8540C1F7AAF6F002F2730 /* quiz_app */ = {
			isa = PBXNativeTarget;
			buildConfigurationList = 3AD8542A1F7AAF6F002F2730 /* Build configuration list for PBXNativeTarget "quiz_app" */;
			buildPhases = (
				9466C9C5DA70D42C81EFFA34 /* [CP] Check Pods Manifest.lock */,
				3AD854091F7AAF6F002F2730 /* Sources */,
				3AD8540A1F7AAF6F002F2730 /* Frameworks */,
				3AD8540B1F7AAF6F002F2730 /* Resources */,
				1807F48A5F573BB3F17776C3 /* [CP] Embed Pods Frameworks */,
				373018449A199E31100D7C70 /* [CP] Copy Pods Resources */,
			);
			buildRules = (
			);
			dependencies = (
			);
			name = quiz_app;
			productName = quiz_app;
			productReference = 3AD8540D1F7AAF6F002F2730 /* quiz_app.app */;
			productType = "com.apple.product-type.application";
		};
		3AD854201F7AAF6F002F2730 /* quiz_appTests */ = {
			isa = PBXNativeTarget;
			buildConfigurationList = 3AD8542D1F7AAF6F002F2730 /* Build configuration list for PBXNativeTarget "quiz_appTests" */;
			buildPhases = (
				61FE61E774E2DD438D400635 /* [CP] Check Pods Manifest.lock */,
				3AD8541D1F7AAF6F002F2730 /* Sources */,
				3AD8541E1F7AAF6F002F2730 /* Frameworks */,
				3AD8541F1F7AAF6F002F2730 /* Resources */,
				DF6CF734667A9F75DD254E30 /* [CP] Embed Pods Frameworks */,
				7F240D270922486E77F0E911 /* [CP] Copy Pods Resources */,
			);
			buildRules = (
			);
			dependencies = (
				3AD854231F7AAF6F002F2730 /* PBXTargetDependency */,
			);
			name = quiz_appTests;
			productName = quiz_appTests;
			productReference = 3AD854211F7AAF6F002F2730 /* quiz_appTests.xctest */;
			productType = "com.apple.product-type.bundle.unit-test";
		};
/* End PBXNativeTarget section */

/* Begin PBXProject section */
		3AD854051F7AAF6F002F2730 /* Project object */ = {
			isa = PBXProject;
			attributes = {
				LastSwiftUpdateCheck = 0800;
				LastUpgradeCheck = 0800;
				ORGANIZATIONNAME = "Jordan Burton";
				TargetAttributes = {
					3AD8540C1F7AAF6F002F2730 = {
						CreatedOnToolsVersion = 8.0;
						ProvisioningStyle = Automatic;
					};
					3AD854201F7AAF6F002F2730 = {
						CreatedOnToolsVersion = 8.0;
						ProvisioningStyle = Automatic;
						TestTargetID = 3AD8540C1F7AAF6F002F2730;
					};
				};
			};
			buildConfigurationList = 3AD854081F7AAF6F002F2730 /* Build configuration list for PBXProject "quiz_app" */;
			compatibilityVersion = "Xcode 3.2";
			developmentRegion = English;
			hasScannedForEncodings = 0;
			knownRegions = (
				en,
				Base,
			);
			mainGroup = 3AD854041F7AAF6F002F2730;
			productRefGroup = 3AD8540E1F7AAF6F002F2730 /* Products */;
			projectDirPath = "";
			projectRoot = "";
			targets = (
				3AD8540C1F7AAF6F002F2730 /* quiz_app */,
				3AD854201F7AAF6F002F2730 /* quiz_appTests */,
			);
		};
/* End PBXProject section */

/* Begin PBXResourcesBuildPhase section */
		3AD8540B1F7AAF6F002F2730 /* Resources */ = {
			isa = PBXResourcesBuildPhase;
			buildActionMask = 2147483647;
			files = (
				3AA3A6B41FC4A57600A12A69 /* film_quiz.json in Resources */,
				3AD8541B1F7AAF6F002F2730 /* LaunchScreen.storyboard in Resources */,
				3AD854181F7AAF6F002F2730 /* Assets.xcassets in Resources */,
				3A46ED431FBB70750052002F /* cs_quiz.json in Resources */,
				3A46ED451FBB70870052002F /* track_quiz.json in Resources */,
				3AD854161F7AAF6F002F2730 /* Main.storyboard in Resources */,
			);
			runOnlyForDeploymentPostprocessing = 0;
		};
		3AD8541F1F7AAF6F002F2730 /* Resources */ = {
			isa = PBXResourcesBuildPhase;
			buildActionMask = 2147483647;
			files = (
			);
			runOnlyForDeploymentPostprocessing = 0;
		};
/* End PBXResourcesBuildPhase section */

/* Begin PBXShellScriptBuildPhase section */
		1807F48A5F573BB3F17776C3 /* [CP] Embed Pods Frameworks */ = {
			isa = PBXShellScriptBuildPhase;
			buildActionMask = 2147483647;
			files = (
			);
			inputPaths = (
				"${SRCROOT}/Pods/Target Support Files/Pods-quiz_app/Pods-quiz_app-frameworks.sh",
				"${BUILT_PRODUCTS_DIR}/SwiftyJSON/SwiftyJSON.framework",
			);
			name = "[CP] Embed Pods Frameworks";
			outputPaths = (
				"${TARGET_BUILD_DIR}/${FRAMEWORKS_FOLDER_PATH}/SwiftyJSON.framework",
			);
			runOnlyForDeploymentPostprocessing = 0;
			shellPath = /bin/sh;
			shellScript = "\"${SRCROOT}/Pods/Target Support Files/Pods-quiz_app/Pods-quiz_app-frameworks.sh\"\n";
			showEnvVarsInLog = 0;
		};
		373018449A199E31100D7C70 /* [CP] Copy Pods Resources */ = {
			isa = PBXShellScriptBuildPhase;
			buildActionMask = 2147483647;
			files = (
			);
			inputPaths = (
			);
			name = "[CP] Copy Pods Resources";
			outputPaths = (
			);
			runOnlyForDeploymentPostprocessing = 0;
			shellPath = /bin/sh;
			shellScript = "\"${SRCROOT}/Pods/Target Support Files/Pods-quiz_app/Pods-quiz_app-resources.sh\"\n";
			showEnvVarsInLog = 0;
		};
		61FE61E774E2DD438D400635 /* [CP] Check Pods Manifest.lock */ = {
			isa = PBXShellScriptBuildPhase;
			buildActionMask = 2147483647;
			files = (
			);
			inputPaths = (
				"${PODS_PODFILE_DIR_PATH}/Podfile.lock",
				"${PODS_ROOT}/Manifest.lock",
			);
			name = "[CP] Check Pods Manifest.lock";
			outputPaths = (
				"$(DERIVED_FILE_DIR)/Pods-quiz_appTests-checkManifestLockResult.txt",
			);
			runOnlyForDeploymentPostprocessing = 0;
			shellPath = /bin/sh;
			shellScript = "diff \"${PODS_PODFILE_DIR_PATH}/Podfile.lock\" \"${PODS_ROOT}/Manifest.lock\" > /dev/null\nif [ $? != 0 ] ; then\n    # print error to STDERR\n    echo \"error: The sandbox is not in sync with the Podfile.lock. Run 'pod install' or update your CocoaPods installation.\" >&2\n    exit 1\nfi\n# This output is used by Xcode 'outputs' to avoid re-running this script phase.\necho \"SUCCESS\" > \"${SCRIPT_OUTPUT_FILE_0}\"\n";
			showEnvVarsInLog = 0;
		};
		7F240D270922486E77F0E911 /* [CP] Copy Pods Resources */ = {
			isa = PBXShellScriptBuildPhase;
			buildActionMask = 2147483647;
			files = (
			);
			inputPaths = (
			);
			name = "[CP] Copy Pods Resources";
			outputPaths = (
			);
			runOnlyForDeploymentPostprocessing = 0;
			shellPath = /bin/sh;
			shellScript = "\"${SRCROOT}/Pods/Target Support Files/Pods-quiz_appTests/Pods-quiz_appTests-resources.sh\"\n";
			showEnvVarsInLog = 0;
		};
		9466C9C5DA70D42C81EFFA34 /* [CP] Check Pods Manifest.lock */ = {
			isa = PBXShellScriptBuildPhase;
			buildActionMask = 2147483647;
			files = (
			);
			inputPaths = (
				"${PODS_PODFILE_DIR_PATH}/Podfile.lock",
				"${PODS_ROOT}/Manifest.lock",
			);
			name = "[CP] Check Pods Manifest.lock";
			outputPaths = (
				"$(DERIVED_FILE_DIR)/Pods-quiz_app-checkManifestLockResult.txt",
			);
			runOnlyForDeploymentPostprocessing = 0;
			shellPath = /bin/sh;
			shellScript = "diff \"${PODS_PODFILE_DIR_PATH}/Podfile.lock\" \"${PODS_ROOT}/Manifest.lock\" > /dev/null\nif [ $? != 0 ] ; then\n    # print error to STDERR\n    echo \"error: The sandbox is not in sync with the Podfile.lock. Run 'pod install' or update your CocoaPods installation.\" >&2\n    exit 1\nfi\n# This output is used by Xcode 'outputs' to avoid re-running this script phase.\necho \"SUCCESS\" > \"${SCRIPT_OUTPUT_FILE_0}\"\n";
			showEnvVarsInLog = 0;
		};
		DF6CF734667A9F75DD254E30 /* [CP] Embed Pods Frameworks */ = {
			isa = PBXShellScriptBuildPhase;
			buildActionMask = 2147483647;
			files = (
			);
			inputPaths = (
			);
			name = "[CP] Embed Pods Frameworks";
			outputPaths = (
			);
			runOnlyForDeploymentPostprocessing = 0;
			shellPath = /bin/sh;
			shellScript = "\"${SRCROOT}/Pods/Target Support Files/Pods-quiz_appTests/Pods-quiz_appTests-frameworks.sh\"\n";
			showEnvVarsInLog = 0;
		};
/* End PBXShellScriptBuildPhase section */

/* Begin PBXSourcesBuildPhase section */
		3AD854091F7AAF6F002F2730 /* Sources */ = {
			isa = PBXSourcesBuildPhase;
			buildActionMask = 2147483647;
			files = (
				3A771DBE1F817794001268A3 /* Question.swift in Sources */,
				3A771DC31F88261A001268A3 /* Quiz.swift in Sources */,
				3AD854131F7AAF6F002F2730 /* ViewController.swift in Sources */,
				3AA3A6B21FBE1EF400A12A69 /* QuizChoiceTableViewCell.swift in Sources */,
				3AD854111F7AAF6F002F2730 /* AppDelegate.swift in Sources */,
				3AA47AD81F910AD100C91B31 /* AnswerTableCell.swift in Sources */,
				3A93C5D81FA7E9C100C27072 /* EndGameViewController.swift in Sources */,
				3A93C5DA1FA8019B00C27072 /* FinishedOptions.swift in Sources */,
				3AA3A6B01FBDFE1900A12A69 /* QuizParser.swift in Sources */,
				3A771DC11F86DCD3001268A3 /* QuizViewController.swift in Sources */,
			);
			runOnlyForDeploymentPostprocessing = 0;
		};
		3AD8541D1F7AAF6F002F2730 /* Sources */ = {
			isa = PBXSourcesBuildPhase;
			buildActionMask = 2147483647;
			files = (
				3AD854261F7AAF6F002F2730 /* quiz_appTests.swift in Sources */,
			);
			runOnlyForDeploymentPostprocessing = 0;
		};
/* End PBXSourcesBuildPhase section */

/* Begin PBXTargetDependency section */
		3AD854231F7AAF6F002F2730 /* PBXTargetDependency */ = {
			isa = PBXTargetDependency;
			target = 3AD8540C1F7AAF6F002F2730 /* quiz_app */;
			targetProxy = 3AD854221F7AAF6F002F2730 /* PBXContainerItemProxy */;
		};
/* End PBXTargetDependency section */

/* Begin PBXVariantGroup section */
		3AD854141F7AAF6F002F2730 /* Main.storyboard */ = {
			isa = PBXVariantGroup;
			children = (
				3AD854151F7AAF6F002F2730 /* Base */,
			);
			name = Main.storyboard;
			sourceTree = "<group>";
		};
		3AD854191F7AAF6F002F2730 /* LaunchScreen.storyboard */ = {
			isa = PBXVariantGroup;
			children = (
				3AD8541A1F7AAF6F002F2730 /* Base */,
			);
			name = LaunchScreen.storyboard;
			sourceTree = "<group>";
		};
/* End PBXVariantGroup section */

/* Begin XCBuildConfiguration section */
		3AD854281F7AAF6F002F2730 /* Debug */ = {
			isa = XCBuildConfiguration;
			buildSettings = {
				ALWAYS_SEARCH_USER_PATHS = NO;
				CLANG_ANALYZER_NONNULL = YES;
				CLANG_CXX_LANGUAGE_STANDARD = "gnu++0x";
				CLANG_CXX_LIBRARY = "libc++";
				CLANG_ENABLE_MODULES = YES;
				CLANG_ENABLE_OBJC_ARC = YES;
				CLANG_WARN_BOOL_CONVERSION = YES;
				CLANG_WARN_CONSTANT_CONVERSION = YES;
				CLANG_WARN_DIRECT_OBJC_ISA_USAGE = YES_ERROR;
				CLANG_WARN_DOCUMENTATION_COMMENTS = YES;
				CLANG_WARN_EMPTY_BODY = YES;
				CLANG_WARN_ENUM_CONVERSION = YES;
				CLANG_WARN_INFINITE_RECURSION = YES;
				CLANG_WARN_INT_CONVERSION = YES;
				CLANG_WARN_OBJC_ROOT_CLASS = YES_ERROR;
				CLANG_WARN_SUSPICIOUS_MOVES = YES;
				CLANG_WARN_UNREACHABLE_CODE = YES;
				CLANG_WARN__DUPLICATE_METHOD_MATCH = YES;
				"CODE_SIGN_IDENTITY[sdk=iphoneos*]" = "iPhone Developer";
				COPY_PHASE_STRIP = NO;
				DEBUG_INFORMATION_FORMAT = dwarf;
				ENABLE_STRICT_OBJC_MSGSEND = YES;
				ENABLE_TESTABILITY = YES;
				GCC_C_LANGUAGE_STANDARD = gnu99;
				GCC_DYNAMIC_NO_PIC = NO;
				GCC_NO_COMMON_BLOCKS = YES;
				GCC_OPTIMIZATION_LEVEL = 0;
				GCC_PREPROCESSOR_DEFINITIONS = (
					"DEBUG=1",
					"$(inherited)",
				);
				GCC_WARN_64_TO_32_BIT_CONVERSION = YES;
				GCC_WARN_ABOUT_RETURN_TYPE = YES_ERROR;
				GCC_WARN_UNDECLARED_SELECTOR = YES;
				GCC_WARN_UNINITIALIZED_AUTOS = YES_AGGRESSIVE;
				GCC_WARN_UNUSED_FUNCTION = YES;
				GCC_WARN_UNUSED_VARIABLE = YES;
				IPHONEOS_DEPLOYMENT_TARGET = 10.0;
				MTL_ENABLE_DEBUG_INFO = YES;
				ONLY_ACTIVE_ARCH = YES;
				SDKROOT = iphoneos;
				SWIFT_ACTIVE_COMPILATION_CONDITIONS = DEBUG;
				SWIFT_OPTIMIZATION_LEVEL = "-Onone";
				TARGETED_DEVICE_FAMILY = "1,2";
			};
			name = Debug;
		};
		3AD854291F7AAF6F002F2730 /* Release */ = {
			isa = XCBuildConfiguration;
			buildSettings = {
				ALWAYS_SEARCH_USER_PATHS = NO;
				CLANG_ANALYZER_NONNULL = YES;
				CLANG_CXX_LANGUAGE_STANDARD = "gnu++0x";
				CLANG_CXX_LIBRARY = "libc++";
				CLANG_ENABLE_MODULES = YES;
				CLANG_ENABLE_OBJC_ARC = YES;
				CLANG_WARN_BOOL_CONVERSION = YES;
				CLANG_WARN_CONSTANT_CONVERSION = YES;
				CLANG_WARN_DIRECT_OBJC_ISA_USAGE = YES_ERROR;
				CLANG_WARN_DOCUMENTATION_COMMENTS = YES;
				CLANG_WARN_EMPTY_BODY = YES;
				CLANG_WARN_ENUM_CONVERSION = YES;
				CLANG_WARN_INFINITE_RECURSION = YES;
				CLANG_WARN_INT_CONVERSION = YES;
				CLANG_WARN_OBJC_ROOT_CLASS = YES_ERROR;
				CLANG_WARN_SUSPICIOUS_MOVES = YES;
				CLANG_WARN_UNREACHABLE_CODE = YES;
				CLANG_WARN__DUPLICATE_METHOD_MATCH = YES;
				"CODE_SIGN_IDENTITY[sdk=iphoneos*]" = "iPhone Developer";
				COPY_PHASE_STRIP = NO;
				DEBUG_INFORMATION_FORMAT = "dwarf-with-dsym";
				ENABLE_NS_ASSERTIONS = NO;
				ENABLE_STRICT_OBJC_MSGSEND = YES;
				GCC_C_LANGUAGE_STANDARD = gnu99;
				GCC_NO_COMMON_BLOCKS = YES;
				GCC_WARN_64_TO_32_BIT_CONVERSION = YES;
				GCC_WARN_ABOUT_RETURN_TYPE = YES_ERROR;
				GCC_WARN_UNDECLARED_SELECTOR = YES;
				GCC_WARN_UNINITIALIZED_AUTOS = YES_AGGRESSIVE;
				GCC_WARN_UNUSED_FUNCTION = YES;
				GCC_WARN_UNUSED_VARIABLE = YES;
				IPHONEOS_DEPLOYMENT_TARGET = 10.0;
				MTL_ENABLE_DEBUG_INFO = NO;
				SDKROOT = iphoneos;
				SWIFT_OPTIMIZATION_LEVEL = "-Owholemodule";
				TARGETED_DEVICE_FAMILY = "1,2";
				VALIDATE_PRODUCT = YES;
			};
			name = Release;
		};
		3AD8542B1F7AAF6F002F2730 /* Debug */ = {
			isa = XCBuildConfiguration;
			baseConfigurationReference = 9F4D5F6144F9D5935824D690 /* Pods-quiz_app.debug.xcconfig */;
			buildSettings = {
				ASSETCATALOG_COMPILER_APPICON_NAME = AppIcon;
				INFOPLIST_FILE = quiz_app/Info.plist;
				LD_RUNPATH_SEARCH_PATHS = "$(inherited) @executable_path/Frameworks";
				PRODUCT_BUNDLE_IDENTIFIER = "myself.quiz-app";
				PRODUCT_NAME = "$(TARGET_NAME)";
				SWIFT_VERSION = 3.0;
			};
			name = Debug;
		};
		3AD8542C1F7AAF6F002F2730 /* Release */ = {
			isa = XCBuildConfiguration;
			baseConfigurationReference = DF8435E932B62CA9A6F83935 /* Pods-quiz_app.release.xcconfig */;
			buildSettings = {
				ASSETCATALOG_COMPILER_APPICON_NAME = AppIcon;
				INFOPLIST_FILE = quiz_app/Info.plist;
				LD_RUNPATH_SEARCH_PATHS = "$(inherited) @executable_path/Frameworks";
				PRODUCT_BUNDLE_IDENTIFIER = "myself.quiz-app";
				PRODUCT_NAME = "$(TARGET_NAME)";
				SWIFT_VERSION = 3.0;
			};
			name = Release;
		};
		3AD8542E1F7AAF6F002F2730 /* Debug */ = {
			isa = XCBuildConfiguration;
			baseConfigurationReference = 1F2672C834F9716FCB5C6834 /* Pods-quiz_appTests.debug.xcconfig */;
			buildSettings = {
				ALWAYS_EMBED_SWIFT_STANDARD_LIBRARIES = YES;
				BUNDLE_LOADER = "$(TEST_HOST)";
				INFOPLIST_FILE = quiz_appTests/Info.plist;
				LD_RUNPATH_SEARCH_PATHS = "$(inherited) @executable_path/Frameworks @loader_path/Frameworks";
				PRODUCT_BUNDLE_IDENTIFIER = "myself.quiz-appTests";
				PRODUCT_NAME = "$(TARGET_NAME)";
				SWIFT_VERSION = 3.0;
				TEST_HOST = "$(BUILT_PRODUCTS_DIR)/quiz_app.app/quiz_app";
			};
			name = Debug;
		};
		3AD8542F1F7AAF6F002F2730 /* Release */ = {
			isa = XCBuildConfiguration;
			baseConfigurationReference = 9334B0567CD8C9755BC89514 /* Pods-quiz_appTests.release.xcconfig */;
			buildSettings = {
				ALWAYS_EMBED_SWIFT_STANDARD_LIBRARIES = YES;
				BUNDLE_LOADER = "$(TEST_HOST)";
				INFOPLIST_FILE = quiz_appTests/Info.plist;
				LD_RUNPATH_SEARCH_PATHS = "$(inherited) @executable_path/Frameworks @loader_path/Frameworks";
				PRODUCT_BUNDLE_IDENTIFIER = "myself.quiz-appTests";
				PRODUCT_NAME = "$(TARGET_NAME)";
				SWIFT_VERSION = 3.0;
				TEST_HOST = "$(BUILT_PRODUCTS_DIR)/quiz_app.app/quiz_app";
			};
			name = Release;
		};
/* End XCBuildConfiguration section */

/* Begin XCConfigurationList section */
		3AD854081F7AAF6F002F2730 /* Build configuration list for PBXProject "quiz_app" */ = {
			isa = XCConfigurationList;
			buildConfigurations = (
				3AD854281F7AAF6F002F2730 /* Debug */,
				3AD854291F7AAF6F002F2730 /* Release */,
			);
			defaultConfigurationIsVisible = 0;
			defaultConfigurationName = Release;
		};
		3AD8542A1F7AAF6F002F2730 /* Build configuration list for PBXNativeTarget "quiz_app" */ = {
			isa = XCConfigurationList;
			buildConfigurations = (
				3AD8542B1F7AAF6F002F2730 /* Debug */,
				3AD8542C1F7AAF6F002F2730 /* Release */,
			);
			defaultConfigurationIsVisible = 0;
			defaultConfigurationName = Release;
		};
		3AD8542D1F7AAF6F002F2730 /* Build configuration list for PBXNativeTarget "quiz_appTests" */ = {
			isa = XCConfigurationList;
			buildConfigurations = (
				3AD8542E1F7AAF6F002F2730 /* Debug */,
				3AD8542F1F7AAF6F002F2730 /* Release */,
			);
			defaultConfigurationIsVisible = 0;
			defaultConfigurationName = Release;
		};
/* End XCConfigurationList section */
	};
	rootObject = 3AD854051F7AAF6F002F2730 /* Project object */;
}
